<Solution>
  <Configurations>
    <Platform Name="Any CPU" />
    <Platform Name="x64" />
    <Platform Name="x86" />
  </Configurations>
  <Folder Name="/AppCliTools/">
    <Project Path="../AppCliTools/CliMenu/CliMenu.csproj" />
    <Project Path="../AppCliTools/CliParameters/CliParameters.csproj" />
    <Project Path="../AppCliTools/CliParametersEdit/CliParametersEdit.csproj" />
    <Project Path="../AppCliTools/CliParametersExcludeSetsEdit/CliParametersExcludeSetsEdit.csproj" />
    <Project Path="../AppCliTools/CliTools/CliTools.csproj" />
    <Project Path="../AppCliTools/LibDataInput/LibDataInput.csproj" />
    <Project Path="../AppCliTools/LibMenuInput/LibMenuInput.csproj" />
  </Folder>
  <Folder Name="/ConnectionTools/">
    <Project Path="../ConnectionTools/ConnectTools/ConnectTools.csproj" />
    <Project Path="../ConnectionTools/CToolsFactory/CToolsFactory.csproj" />
    <Project Path="../ConnectionTools/FTPTools/FTPTools.csproj" />
  </Folder>
  <Folder Name="/ParametersManagement/">
    <Project Path="../ParametersManagement/LibFileParameters/LibFileParameters.csproj" />
    <Project Path="../ParametersManagement/LibParameters/LibParameters.csproj" />
  </Folder>
  <Folder Name="/SystemTools/">
    <Project Path="../SystemTools/SystemToolsShared.Tests/SystemToolsShared.Tests.csproj" />
    <Project Path="../SystemTools/SystemToolsShared/SystemToolsShared.csproj" />
  </Folder>
  <Folder Name="/ToolsManagement/">
    <Project Path="../ToolsManagement/FileManagersMain/FileManagersMain.csproj" />
    <Project Path="../ToolsManagement/LibToolActions/LibToolActions.csproj" />
  </Folder>
  <Project Path="UsbCopy/UsbCopy.csproj" />
</Solution>
